
Microsoft Visual Studio Solution File, Format Version 12.00
# Visual Studio Version 16
VisualStudioVersion = 16.0.29806.167
MinimumVisualStudioVersion = 10.0.40219.1
Project("{FAE04EC0-301F-11D3-BF4B-00C04F79EFBC}") = "TravellingSalesmanProblemCpppp", "TravellingSalesmanProblemCpppp.csproj", "{024136CC-E482-4B76-9610-BFA8DDA39453}"
EndProject
Project("{FAE04EC0-301F-11D3-BF4B-00C04F79EFBC}") = "TestingConsole1", "..\TestingConsole1\TestingConsole1.csproj", "{8D75CEA8-9C92-46CB-B4E6-2E94EB4D1F92}"
EndProject
Global
	GlobalSection(SolutionConfigurationPlatforms) = preSolution
		Debug|Any CPU = Debug|Any CPU
		Release|Any CPU = Release|Any CPU
	EndGlobalSection
	GlobalSection(ProjectConfigurationPlatforms) = postSolution
		{024136CC-E482-4B76-9610-BFA8DDA39453}.Debug|Any CPU.ActiveCfg = Debug|Any CPU
		{024136CC-E482-4B76-9610-BFA8DDA39453}.Debug|Any CPU.Build.0 = Debug|Any CPU
		{024136CC-E482-4B76-9610-BFA8DDA39453}.Release|Any CPU.ActiveCfg = Release|Any CPU
		{024136CC-E482-4B76-9610-BFA8DDA39453}.Release|Any CPU.Build.0 = Release|Any CPU
		{8D75CEA8-9C92-46CB-B4E6-2E94EB4D1F92}.Debug|Any CPU.ActiveCfg = Debug|Any CPU
		{8D75CEA8-9C92-46CB-B4E6-2E94EB4D1F92}.Debug|Any CPU.Build.0 = Debug|Any CPU
		{8D75CEA8-9C92-46CB-B4E6-2E94EB4D1F92}.Release|Any CPU.ActiveCfg = Release|Any CPU
		{8D75CEA8-9C92-46CB-B4E6-2E94EB4D1F92}.Release|Any CPU.Build.0 = Release|Any CPU
	EndGlobalSection
	GlobalSection(SolutionProperties) = preSolution
		HideSolutionNode = FALSE
	EndGlobalSection
	GlobalSection(ExtensibilityGlobals) = postSolution
		SolutionGuid = {7206EDCF-FFA0-4090-ABE1-4D958D04F945}
	EndGlobalSection
EndGlobal
